Microsoft Visual Studio Solution File, Format Version 12.00
# Visual Studio 2012
Project("{FAE04EC0-301F-11D3-BF4B-00C04F79EFBC}") = "BallInTunnel", "BallInTunnel.csproj", "{26041480-5B02-48B3-9CAE-59B784D0BBCF}"
EndProject
Global
	GlobalSection(SolutionConfigurationPlatforms) = preSolution
	Debug|Any CPU = Debug|Any CPU
	ExportDebug|Any CPU = ExportDebug|Any CPU
	ExportRelease|Any CPU = ExportRelease|Any CPU
	EndGlobalSection
	GlobalSection(ProjectConfigurationPlatforms) = postSolution
		{26041480-5B02-48B3-9CAE-59B784D0BBCF}.Debug|Any CPU.ActiveCfg = Debug|Any CPU
		{26041480-5B02-48B3-9CAE-59B784D0BBCF}.Debug|Any CPU.Build.0 = Debug|Any CPU
		{26041480-5B02-48B3-9CAE-59B784D0BBCF}.ExportDebug|Any CPU.ActiveCfg = ExportDebug|Any CPU
		{26041480-5B02-48B3-9CAE-59B784D0BBCF}.ExportDebug|Any CPU.Build.0 = ExportDebug|Any CPU
		{26041480-5B02-48B3-9CAE-59B784D0BBCF}.ExportRelease|Any CPU.ActiveCfg = ExportRelease|Any CPU
		{26041480-5B02-48B3-9CAE-59B784D0BBCF}.ExportRelease|Any CPU.Build.0 = ExportRelease|Any CPU
	EndGlobalSection
EndGlobal
