Microsoft Visual Studio Solution File, Format Version 12.00
# Visual Studio 2012
Project("{FAE04EC0-301F-11D3-BF4B-00C04F79EFBC}") = "Falling", "Falling.csproj", "{802D94F1-78C1-47D8-B34D-66024798A8D1}"
EndProject
Global
	GlobalSection(SolutionConfigurationPlatforms) = preSolution
	Debug|Any CPU = Debug|Any CPU
	ExportDebug|Any CPU = ExportDebug|Any CPU
	ExportRelease|Any CPU = ExportRelease|Any CPU
	EndGlobalSection
	GlobalSection(ProjectConfigurationPlatforms) = postSolution
		{802D94F1-78C1-47D8-B34D-66024798A8D1}.Debug|Any CPU.ActiveCfg = Debug|Any CPU
		{802D94F1-78C1-47D8-B34D-66024798A8D1}.Debug|Any CPU.Build.0 = Debug|Any CPU
		{802D94F1-78C1-47D8-B34D-66024798A8D1}.ExportDebug|Any CPU.ActiveCfg = ExportDebug|Any CPU
		{802D94F1-78C1-47D8-B34D-66024798A8D1}.ExportDebug|Any CPU.Build.0 = ExportDebug|Any CPU
		{802D94F1-78C1-47D8-B34D-66024798A8D1}.ExportRelease|Any CPU.ActiveCfg = ExportRelease|Any CPU
		{802D94F1-78C1-47D8-B34D-66024798A8D1}.ExportRelease|Any CPU.Build.0 = ExportRelease|Any CPU
	EndGlobalSection
EndGlobal
